// !$*UTF8*$!
{
	archiveVersion = 1;
	classes = {
	};
	objectVersion = 56;
	objects = {

/* Begin PBXBuildFile section */
		2567CA362AC7208200425061 /* AppDelegate.swift in Sources */ = {isa = PBXBuildFile; fileRef = 2567CA352AC7208200425061 /* AppDelegate.swift */; };
		2567CA382AC7208200425061 /* SceneDelegate.swift in Sources */ = {isa = PBXBuildFile; fileRef = 2567CA372AC7208200425061 /* SceneDelegate.swift */; };
		2567CA3A2AC7208200425061 /* MusicListViewController.swift in Sources */ = {isa = PBXBuildFile; fileRef = 2567CA392AC7208200425061 /* MusicListViewController.swift */; };
		2567CA3F2AC7208500425061 /* Assets.xcassets in Resources */ = {isa = PBXBuildFile; fileRef = 2567CA3E2AC7208500425061 /* Assets.xcassets */; };
		2567CA422AC7208500425061 /* LaunchScreen.storyboard in Resources */ = {isa = PBXBuildFile; fileRef = 2567CA402AC7208500425061 /* LaunchScreen.storyboard */; };
		2567CA4D2AC7208500425061 /* MusicAppTests.swift in Sources */ = {isa = PBXBuildFile; fileRef = 2567CA4C2AC7208500425061 /* MusicAppTests.swift */; };
		2567CA572AC7208500425061 /* MusicAppUITests.swift in Sources */ = {isa = PBXBuildFile; fileRef = 2567CA562AC7208500425061 /* MusicAppUITests.swift */; };
		2567CA592AC7208500425061 /* MusicAppUITestsLaunchTests.swift in Sources */ = {isa = PBXBuildFile; fileRef = 2567CA582AC7208500425061 /* MusicAppUITestsLaunchTests.swift */; };
		2567CA672AC720B500425061 /* Music.swift in Sources */ = {isa = PBXBuildFile; fileRef = 2567CA662AC720B500425061 /* Music.swift */; };
		2567CA6A2AC7223700425061 /* ApiManager.swift in Sources */ = {isa = PBXBuildFile; fileRef = 2567CA692AC7223700425061 /* ApiManager.swift */; };
		2567CA6C2AC728DB00425061 /* MockApiManager.swift in Sources */ = {isa = PBXBuildFile; fileRef = 2567CA6B2AC728DB00425061 /* MockApiManager.swift */; };
		2567CA6E2AC728F400425061 /* Request.swift in Sources */ = {isa = PBXBuildFile; fileRef = 2567CA6D2AC728F400425061 /* Request.swift */; };
		2567CA712AC72A3700425061 /* MusicListViewModelImpl.swift in Sources */ = {isa = PBXBuildFile; fileRef = 2567CA702AC72A3700425061 /* MusicListViewModelImpl.swift */; };
		2567CA732AC72A5800425061 /* MusicListViewInterfaces.swift in Sources */ = {isa = PBXBuildFile; fileRef = 2567CA722AC72A5800425061 /* MusicListViewInterfaces.swift */; };
		2567CA752AC72E8800425061 /* MusicListTableViewCell.swift in Sources */ = {isa = PBXBuildFile; fileRef = 2567CA742AC72E8800425061 /* MusicListTableViewCell.swift */; };
/* End PBXBuildFile section */

/* Begin PBXContainerItemProxy section */
		2567CA492AC7208500425061 /* PBXContainerItemProxy */ = {
			isa = PBXContainerItemProxy;
			containerPortal = 2567CA2A2AC7208200425061 /* Project object */;
			proxyType = 1;
			remoteGlobalIDString = 2567CA312AC7208200425061;
			remoteInfo = MusicApp;
		};
		2567CA532AC7208500425061 /* PBXContainerItemProxy */ = {
			isa = PBXContainerItemProxy;
			containerPortal = 2567CA2A2AC7208200425061 /* Project object */;
			proxyType = 1;
			remoteGlobalIDString = 2567CA312AC7208200425061;
			remoteInfo = MusicApp;
		};
/* End PBXContainerItemProxy section */

/* Begin PBXFileReference section */
		2567CA322AC7208200425061 /* MusicApp.app */ = {isa = PBXFileReference; explicitFileType = wrapper.application; includeInIndex = 0; path = MusicApp.app; sourceTree = BUILT_PRODUCTS_DIR; };
		2567CA352AC7208200425061 /* AppDelegate.swift */ = {isa = PBXFileReference; lastKnownFileType = sourcecode.swift; path = AppDelegate.swift; sourceTree = "<group>"; };
		2567CA372AC7208200425061 /* SceneDelegate.swift */ = {isa = PBXFileReference; lastKnownFileType = sourcecode.swift; path = SceneDelegate.swift; sourceTree = "<group>"; };
		2567CA392AC7208200425061 /* MusicListViewController.swift */ = {isa = PBXFileReference; lastKnownFileType = sourcecode.swift; path = MusicListViewController.swift; sourceTree = "<group>"; };
		2567CA3E2AC7208500425061 /* Assets.xcassets */ = {isa = PBXFileReference; lastKnownFileType = folder.assetcatalog; path = Assets.xcassets; sourceTree = "<group>"; };
		2567CA412AC7208500425061 /* Base */ = {isa = PBXFileReference; lastKnownFileType = file.storyboard; name = Base; path = Base.lproj/LaunchScreen.storyboard; sourceTree = "<group>"; };
		2567CA432AC7208500425061 /* Info.plist */ = {isa = PBXFileReference; lastKnownFileType = text.plist.xml; path = Info.plist; sourceTree = "<group>"; };
		2567CA482AC7208500425061 /* MusicAppTests.xctest */ = {isa = PBXFileReference; explicitFileType = wrapper.cfbundle; includeInIndex = 0; path = MusicAppTests.xctest; sourceTree = BUILT_PRODUCTS_DIR; };
		2567CA4C2AC7208500425061 /* MusicAppTests.swift */ = {isa = PBXFileReference; lastKnownFileType = sourcecode.swift; path = MusicAppTests.swift; sourceTree = "<group>"; };
		2567CA522AC7208500425061 /* MusicAppUITests.xctest */ = {isa = PBXFileReference; explicitFileType = wrapper.cfbundle; includeInIndex = 0; path = MusicAppUITests.xctest; sourceTree = BUILT_PRODUCTS_DIR; };
		2567CA562AC7208500425061 /* MusicAppUITests.swift */ = {isa = PBXFileReference; lastKnownFileType = sourcecode.swift; path = MusicAppUITests.swift; sourceTree = "<group>"; };
		2567CA582AC7208500425061 /* MusicAppUITestsLaunchTests.swift */ = {isa = PBXFileReference; lastKnownFileType = sourcecode.swift; path = MusicAppUITestsLaunchTests.swift; sourceTree = "<group>"; };
		2567CA662AC720B500425061 /* Music.swift */ = {isa = PBXFileReference; lastKnownFileType = sourcecode.swift; path = Music.swift; sourceTree = "<group>"; };
		2567CA692AC7223700425061 /* ApiManager.swift */ = {isa = PBXFileReference; lastKnownFileType = sourcecode.swift; path = ApiManager.swift; sourceTree = "<group>"; };
		2567CA6B2AC728DB00425061 /* MockApiManager.swift */ = {isa = PBXFileReference; lastKnownFileType = sourcecode.swift; path = MockApiManager.swift; sourceTree = "<group>"; };
		2567CA6D2AC728F400425061 /* Request.swift */ = {isa = PBXFileReference; lastKnownFileType = sourcecode.swift; path = Request.swift; sourceTree = "<group>"; };
		2567CA702AC72A3700425061 /* MusicListViewModelImpl.swift */ = {isa = PBXFileReference; lastKnownFileType = sourcecode.swift; path = MusicListViewModelImpl.swift; sourceTree = "<group>"; };
		2567CA722AC72A5800425061 /* MusicListViewInterfaces.swift */ = {isa = PBXFileReference; lastKnownFileType = sourcecode.swift; path = MusicListViewInterfaces.swift; sourceTree = "<group>"; };
		2567CA742AC72E8800425061 /* MusicListTableViewCell.swift */ = {isa = PBXFileReference; lastKnownFileType = sourcecode.swift; path = MusicListTableViewCell.swift; sourceTree = "<group>"; };
/* End PBXFileReference section */

/* Begin PBXFrameworksBuildPhase section */
		2567CA2F2AC7208200425061 /* Frameworks */ = {
			isa = PBXFrameworksBuildPhase;
			buildActionMask = 2147483647;
			files = (
			);
			runOnlyForDeploymentPostprocessing = 0;
		};
		2567CA452AC7208500425061 /* Frameworks */ = {
			isa = PBXFrameworksBuildPhase;
			buildActionMask = 2147483647;
			files = (
			);
			runOnlyForDeploymentPostprocessing = 0;
		};
		2567CA4F2AC7208500425061 /* Frameworks */ = {
			isa = PBXFrameworksBuildPhase;
			buildActionMask = 2147483647;
			files = (
			);
			runOnlyForDeploymentPostprocessing = 0;
		};
/* End PBXFrameworksBuildPhase section */

/* Begin PBXGroup section */
		2567CA292AC7208200425061 = {
			isa = PBXGroup;
			children = (
				2567CA342AC7208200425061 /* MusicApp */,
				2567CA4B2AC7208500425061 /* MusicAppTests */,
				2567CA552AC7208500425061 /* MusicAppUITests */,
				2567CA332AC7208200425061 /* Products */,
			);
			sourceTree = "<group>";
		};
		2567CA332AC7208200425061 /* Products */ = {
			isa = PBXGroup;
			children = (
				2567CA322AC7208200425061 /* MusicApp.app */,
				2567CA482AC7208500425061 /* MusicAppTests.xctest */,
				2567CA522AC7208500425061 /* MusicAppUITests.xctest */,
			);
			name = Products;
			sourceTree = "<group>";
		};
		2567CA342AC7208200425061 /* MusicApp */ = {
			isa = PBXGroup;
			children = (
				2567CA352AC7208200425061 /* AppDelegate.swift */,
				2567CA372AC7208200425061 /* SceneDelegate.swift */,
				2567CA6F2AC72A2400425061 /* Music List Screen */,
				2567CA682AC7222B00425061 /* Network */,
				2567CA652AC720A200425061 /* Models */,
				2567CA3E2AC7208500425061 /* Assets.xcassets */,
				2567CA402AC7208500425061 /* LaunchScreen.storyboard */,
				2567CA432AC7208500425061 /* Info.plist */,
			);
			path = MusicApp;
			sourceTree = "<group>";
		};
		2567CA4B2AC7208500425061 /* MusicAppTests */ = {
			isa = PBXGroup;
			children = (
				2567CA4C2AC7208500425061 /* MusicAppTests.swift */,
			);
			path = MusicAppTests;
			sourceTree = "<group>";
		};
		2567CA552AC7208500425061 /* MusicAppUITests */ = {
			isa = PBXGroup;
			children = (
				2567CA562AC7208500425061 /* MusicAppUITests.swift */,
				2567CA582AC7208500425061 /* MusicAppUITestsLaunchTests.swift */,
			);
			path = MusicAppUITests;
			sourceTree = "<group>";
		};
		2567CA652AC720A200425061 /* Models */ = {
			isa = PBXGroup;
			children = (
				2567CA662AC720B500425061 /* Music.swift */,
			);
			path = Models;
			sourceTree = "<group>";
		};
		2567CA682AC7222B00425061 /* Network */ = {
			isa = PBXGroup;
			children = (
				2567CA692AC7223700425061 /* ApiManager.swift */,
				2567CA6D2AC728F400425061 /* Request.swift */,
				2567CA6B2AC728DB00425061 /* MockApiManager.swift */,
			);
			path = Network;
			sourceTree = "<group>";
		};
		2567CA6F2AC72A2400425061 /* Music List Screen */ = {
			isa = PBXGroup;
			children = (
				2567CA722AC72A5800425061 /* MusicListViewInterfaces.swift */,
				2567CA392AC7208200425061 /* MusicListViewController.swift */,
				2567CA742AC72E8800425061 /* MusicListTableViewCell.swift */,
				2567CA702AC72A3700425061 /* MusicListViewModelImpl.swift */,
			);
			path = "Music List Screen";
			sourceTree = "<group>";
		};
/* End PBXGroup section */

/* Begin PBXNativeTarget section */
		2567CA312AC7208200425061 /* MusicApp */ = {
			isa = PBXNativeTarget;
			buildConfigurationList = 2567CA5C2AC7208500425061 /* Build configuration list for PBXNativeTarget "MusicApp" */;
			buildPhases = (
				2567CA2E2AC7208200425061 /* Sources */,
				2567CA2F2AC7208200425061 /* Frameworks */,
				2567CA302AC7208200425061 /* Resources */,
			);
			buildRules = (
			);
			dependencies = (
			);
			name = MusicApp;
			productName = MusicApp;
			productReference = 2567CA322AC7208200425061 /* MusicApp.app */;
			productType = "com.apple.product-type.application";
		};
		2567CA472AC7208500425061 /* MusicAppTests */ = {
			isa = PBXNativeTarget;
			buildConfigurationList = 2567CA5F2AC7208500425061 /* Build configuration list for PBXNativeTarget "MusicAppTests" */;
			buildPhases = (
				2567CA442AC7208500425061 /* Sources */,
				2567CA452AC7208500425061 /* Frameworks */,
				2567CA462AC7208500425061 /* Resources */,
			);
			buildRules = (
			);
			dependencies = (
				2567CA4A2AC7208500425061 /* PBXTargetDependency */,
			);
			name = MusicAppTests;
			productName = MusicAppTests;
			productReference = 2567CA482AC7208500425061 /* MusicAppTests.xctest */;
			productType = "com.apple.product-type.bundle.unit-test";
		};
		2567CA512AC7208500425061 /* MusicAppUITests */ = {
			isa = PBXNativeTarget;
			buildConfigurationList = 2567CA622AC7208500425061 /* Build configuration list for PBXNativeTarget "MusicAppUITests" */;
			buildPhases = (
				2567CA4E2AC7208500425061 /* Sources */,
				2567CA4F2AC7208500425061 /* Frameworks */,
				2567CA502AC7208500425061 /* Resources */,
			);
			buildRules = (
			);
			dependencies = (
				2567CA542AC7208500425061 /* PBXTargetDependency */,
			);
			name = MusicAppUITests;
			productName = MusicAppUITests;
			productReference = 2567CA522AC7208500425061 /* MusicAppUITests.xctest */;
			productType = "com.apple.product-type.bundle.ui-testing";
		};
/* End PBXNativeTarget section */

/* Begin PBXProject section */
		2567CA2A2AC7208200425061 /* Project object */ = {
			isa = PBXProject;
			attributes = {
				BuildIndependentTargetsInParallel = 1;
				LastSwiftUpdateCheck = 1500;
				LastUpgradeCheck = 1500;
				TargetAttributes = {
					2567CA312AC7208200425061 = {
						CreatedOnToolsVersion = 15.0;
					};
					2567CA472AC7208500425061 = {
						CreatedOnToolsVersion = 15.0;
						TestTargetID = 2567CA312AC7208200425061;
					};
					2567CA512AC7208500425061 = {
						CreatedOnToolsVersion = 15.0;
						TestTargetID = 2567CA312AC7208200425061;
					};
				};
			};
			buildConfigurationList = 2567CA2D2AC7208200425061 /* Build configuration list for PBXProject "MusicApp" */;
			compatibilityVersion = "Xcode 14.0";
			developmentRegion = en;
			hasScannedForEncodings = 0;
			knownRegions = (
				en,
				Base,
			);
			mainGroup = 2567CA292AC7208200425061;
			productRefGroup = 2567CA332AC7208200425061 /* Products */;
			projectDirPath = "";
			projectRoot = "";
			targets = (
				2567CA312AC7208200425061 /* MusicApp */,
				2567CA472AC7208500425061 /* MusicAppTests */,
				2567CA512AC7208500425061 /* MusicAppUITests */,
			);
		};
/* End PBXProject section */

/* Begin PBXResourcesBuildPhase section */
		2567CA302AC7208200425061 /* Resources */ = {
			isa = PBXResourcesBuildPhase;
			buildActionMask = 2147483647;
			files = (
				2567CA422AC7208500425061 /* LaunchScreen.storyboard in Resources */,
				2567CA3F2AC7208500425061 /* Assets.xcassets in Resources */,
			);
			runOnlyForDeploymentPostprocessing = 0;
		};
		2567CA462AC7208500425061 /* Resources */ = {
			isa = PBXResourcesBuildPhase;
			buildActionMask = 2147483647;
			files = (
			);
			runOnlyForDeploymentPostprocessing = 0;
		};
		2567CA502AC7208500425061 /* Resources */ = {
			isa = PBXResourcesBuildPhase;
			buildActionMask = 2147483647;
			files = (
			);
			runOnlyForDeploymentPostprocessing = 0;
		};
/* End PBXResourcesBuildPhase section */

/* Begin PBXSourcesBuildPhase section */
		2567CA2E2AC7208200425061 /* Sources */ = {
			isa = PBXSourcesBuildPhase;
			buildActionMask = 2147483647;
			files = (
				2567CA732AC72A5800425061 /* MusicListViewInterfaces.swift in Sources */,
				2567CA752AC72E8800425061 /* MusicListTableViewCell.swift in Sources */,
				2567CA3A2AC7208200425061 /* MusicListViewController.swift in Sources */,
				2567CA362AC7208200425061 /* AppDelegate.swift in Sources */,
				2567CA6C2AC728DB00425061 /* MockApiManager.swift in Sources */,
				2567CA6A2AC7223700425061 /* ApiManager.swift in Sources */,
				2567CA712AC72A3700425061 /* MusicListViewModelImpl.swift in Sources */,
				2567CA6E2AC728F400425061 /* Request.swift in Sources */,
				2567CA382AC7208200425061 /* SceneDelegate.swift in Sources */,
				2567CA672AC720B500425061 /* Music.swift in Sources */,
			);
			runOnlyForDeploymentPostprocessing = 0;
		};
		2567CA442AC7208500425061 /* Sources */ = {
			isa = PBXSourcesBuildPhase;
			buildActionMask = 2147483647;
			files = (
				2567CA4D2AC7208500425061 /* MusicAppTests.swift in Sources */,
			);
			runOnlyForDeploymentPostprocessing = 0;
		};
		2567CA4E2AC7208500425061 /* Sources */ = {
			isa = PBXSourcesBuildPhase;
			buildActionMask = 2147483647;
			files = (
				2567CA592AC7208500425061 /* MusicAppUITestsLaunchTests.swift in Sources */,
				2567CA572AC7208500425061 /* MusicAppUITests.swift in Sources */,
			);
			runOnlyForDeploymentPostprocessing = 0;
		};
/* End PBXSourcesBuildPhase section */

/* Begin PBXTargetDependency section */
		2567CA4A2AC7208500425061 /* PBXTargetDependency */ = {
			isa = PBXTargetDependency;
			target = 2567CA312AC7208200425061 /* MusicApp */;
			targetProxy = 2567CA492AC7208500425061 /* PBXContainerItemProxy */;
		};
		2567CA542AC7208500425061 /* PBXTargetDependency */ = {
			isa = PBXTargetDependency;
			target = 2567CA312AC7208200425061 /* MusicApp */;
			targetProxy = 2567CA532AC7208500425061 /* PBXContainerItemProxy */;
		};
/* End PBXTargetDependency section */

/* Begin PBXVariantGroup section */
		2567CA402AC7208500425061 /* LaunchScreen.storyboard */ = {
			isa = PBXVariantGroup;
			children = (
				2567CA412AC7208500425061 /* Base */,
			);
			name = LaunchScreen.storyboard;
			sourceTree = "<group>";
		};
/* End PBXVariantGroup section */

/* Begin XCBuildConfiguration section */
		2567CA5A2AC7208500425061 /* Debug */ = {
			isa = XCBuildConfiguration;
			buildSettings = {
				ALWAYS_SEARCH_USER_PATHS = NO;
				ASSETCATALOG_COMPILER_GENERATE_SWIFT_ASSET_SYMBOL_EXTENSIONS = YES;
				CLANG_ANALYZER_NONNULL = YES;
				CLANG_ANALYZER_NUMBER_OBJECT_CONVERSION = YES_AGGRESSIVE;
				CLANG_CXX_LANGUAGE_STANDARD = "gnu++20";
				CLANG_ENABLE_MODULES = YES;
				CLANG_ENABLE_OBJC_ARC = YES;
				CLANG_ENABLE_OBJC_WEAK = YES;
				CLANG_WARN_BLOCK_CAPTURE_AUTORELEASING = YES;
				CLANG_WARN_BOOL_CONVERSION = YES;
				CLANG_WARN_COMMA = YES;
				CLANG_WARN_CONSTANT_CONVERSION = YES;
				CLANG_WARN_DEPRECATED_OBJC_IMPLEMENTATIONS = YES;
				CLANG_WARN_DIRECT_OBJC_ISA_USAGE = YES_ERROR;
				CLANG_WARN_DOCUMENTATION_COMMENTS = YES;
				CLANG_WARN_EMPTY_BODY = YES;
				CLANG_WARN_ENUM_CONVERSION = YES;
				CLANG_WARN_INFINITE_RECURSION = YES;
				CLANG_WARN_INT_CONVERSION = YES;
				CLANG_WARN_NON_LITERAL_NULL_CONVERSION = YES;
				CLANG_WARN_OBJC_IMPLICIT_RETAIN_SELF = YES;
				CLANG_WARN_OBJC_LITERAL_CONVERSION = YES;
				CLANG_WARN_OBJC_ROOT_CLASS = YES_ERROR;
				CLANG_WARN_QUOTED_INCLUDE_IN_FRAMEWORK_HEADER = YES;
				CLANG_WARN_RANGE_LOOP_ANALYSIS = YES;
				CLANG_WARN_STRICT_PROTOTYPES = YES;
				CLANG_WARN_SUSPICIOUS_MOVE = YES;
				CLANG_WARN_UNGUARDED_AVAILABILITY = YES_AGGRESSIVE;
				CLANG_WARN_UNREACHABLE_CODE = YES;
				CLANG_WARN__DUPLICATE_METHOD_MATCH = YES;
				COPY_PHASE_STRIP = NO;
				DEBUG_INFORMATION_FORMAT = dwarf;
				ENABLE_STRICT_OBJC_MSGSEND = YES;
				ENABLE_TESTABILITY = YES;
				ENABLE_USER_SCRIPT_SANDBOXING = YES;
				GCC_C_LANGUAGE_STANDARD = gnu17;
				GCC_DYNAMIC_NO_PIC = NO;
				GCC_NO_COMMON_BLOCKS = YES;
				GCC_OPTIMIZATION_LEVEL = 0;
				GCC_PREPROCESSOR_DEFINITIONS = (
					"DEBUG=1",
					"$(inherited)",
				);
				GCC_WARN_64_TO_32_BIT_CONVERSION = YES;
				GCC_WARN_ABOUT_RETURN_TYPE = YES_ERROR;
				GCC_WARN_UNDECLARED_SELECTOR = YES;
				GCC_WARN_UNINITIALIZED_AUTOS = YES_AGGRESSIVE;
				GCC_WARN_UNUSED_FUNCTION = YES;
				GCC_WARN_UNUSED_VARIABLE = YES;
				IPHONEOS_DEPLOYMENT_TARGET = 17.0;
				LOCALIZATION_PREFERS_STRING_CATALOGS = YES;
				MTL_ENABLE_DEBUG_INFO = INCLUDE_SOURCE;
				MTL_FAST_MATH = YES;
				ONLY_ACTIVE_ARCH = YES;
				SDKROOT = iphoneos;
				SWIFT_ACTIVE_COMPILATION_CONDITIONS = "DEBUG $(inherited)";
				SWIFT_OPTIMIZATION_LEVEL = "-Onone";
			};
			name = Debug;
		};
		2567CA5B2AC7208500425061 /* Release */ = {
			isa = XCBuildConfiguration;
			buildSettings = {
				ALWAYS_SEARCH_USER_PATHS = NO;
				ASSETCATALOG_COMPILER_GENERATE_SWIFT_ASSET_SYMBOL_EXTENSIONS = YES;
				CLANG_ANALYZER_NONNULL = YES;
				CLANG_ANALYZER_NUMBER_OBJECT_CONVERSION = YES_AGGRESSIVE;
				CLANG_CXX_LANGUAGE_STANDARD = "gnu++20";
				CLANG_ENABLE_MODULES = YES;
				CLANG_ENABLE_OBJC_ARC = YES;
				CLANG_ENABLE_OBJC_WEAK = YES;
				CLANG_WARN_BLOCK_CAPTURE_AUTORELEASING = YES;
				CLANG_WARN_BOOL_CONVERSION = YES;
				CLANG_WARN_COMMA = YES;
				CLANG_WARN_CONSTANT_CONVERSION = YES;
				CLANG_WARN_DEPRECATED_OBJC_IMPLEMENTATIONS = YES;
				CLANG_WARN_DIRECT_OBJC_ISA_USAGE = YES_ERROR;
				CLANG_WARN_DOCUMENTATION_COMMENTS = YES;
				CLANG_WARN_EMPTY_BODY = YES;
				CLANG_WARN_ENUM_CONVERSION = YES;
				CLANG_WARN_INFINITE_RECURSION = YES;
				CLANG_WARN_INT_CONVERSION = YES;
				CLANG_WARN_NON_LITERAL_NULL_CONVERSION = YES;
				CLANG_WARN_OBJC_IMPLICIT_RETAIN_SELF = YES;
				CLANG_WARN_OBJC_LITERAL_CONVERSION = YES;
				CLANG_WARN_OBJC_ROOT_CLASS = YES_ERROR;
				CLANG_WARN_QUOTED_INCLUDE_IN_FRAMEWORK_HEADER = YES;
				CLANG_WARN_RANGE_LOOP_ANALYSIS = YES;
				CLANG_WARN_STRICT_PROTOTYPES = YES;
				CLANG_WARN_SUSPICIOUS_MOVE = YES;
				CLANG_WARN_UNGUARDED_AVAILABILITY = YES_AGGRESSIVE;
				CLANG_WARN_UNREACHABLE_CODE = YES;
				CLANG_WARN__DUPLICATE_METHOD_MATCH = YES;
				COPY_PHASE_STRIP = NO;
				DEBUG_INFORMATION_FORMAT = "dwarf-with-dsym";
				ENABLE_NS_ASSERTIONS = NO;
				ENABLE_STRICT_OBJC_MSGSEND = YES;
				ENABLE_USER_SCRIPT_SANDBOXING = YES;
				GCC_C_LANGUAGE_STANDARD = gnu17;
				GCC_NO_COMMON_BLOCKS = YES;
				GCC_WARN_64_TO_32_BIT_CONVERSION = YES;
				GCC_WARN_ABOUT_RETURN_TYPE = YES_ERROR;
				GCC_WARN_UNDECLARED_SELECTOR = YES;
				GCC_WARN_UNINITIALIZED_AUTOS = YES_AGGRESSIVE;
				GCC_WARN_UNUSED_FUNCTION = YES;
				GCC_WARN_UNUSED_VARIABLE = YES;
				IPHONEOS_DEPLOYMENT_TARGET = 17.0;
				LOCALIZATION_PREFERS_STRING_CATALOGS = YES;
				MTL_ENABLE_DEBUG_INFO = NO;
				MTL_FAST_MATH = YES;
				SDKROOT = iphoneos;
				SWIFT_COMPILATION_MODE = wholemodule;
				VALIDATE_PRODUCT = YES;
			};
			name = Release;
		};
		2567CA5D2AC7208500425061 /* Debug */ = {
			isa = XCBuildConfiguration;
			buildSettings = {
				ASSETCATALOG_COMPILER_APPICON_NAME = AppIcon;
				ASSETCATALOG_COMPILER_GLOBAL_ACCENT_COLOR_NAME = AccentColor;
				CODE_SIGN_STYLE = Automatic;
				CURRENT_PROJECT_VERSION = 1;
				DEVELOPMENT_TEAM = J9KY5Z2V8M;
				GENERATE_INFOPLIST_FILE = YES;
				INFOPLIST_FILE = MusicApp/Info.plist;
				INFOPLIST_KEY_UIApplicationSupportsIndirectInputEvents = YES;
				INFOPLIST_KEY_UILaunchStoryboardName = LaunchScreen;
				INFOPLIST_KEY_UIMainStoryboardFile = "";
				INFOPLIST_KEY_UISupportedInterfaceOrientations_iPad = "UIInterfaceOrientationPortrait UIInterfaceOrientationPortraitUpsideDown UIInterfaceOrientationLandscapeLeft UIInterfaceOrientationLandscapeRight";
				INFOPLIST_KEY_UISupportedInterfaceOrientations_iPhone = "UIInterfaceOrientationPortrait UIInterfaceOrientationLandscapeLeft UIInterfaceOrientationLandscapeRight";
				LD_RUNPATH_SEARCH_PATHS = (
					"$(inherited)",
					"@executable_path/Frameworks",
				);
				MARKETING_VERSION = 1.0;
				PRODUCT_BUNDLE_IDENTIFIER = com.msk.MusicApp;
				PRODUCT_NAME = "$(TARGET_NAME)";
				SWIFT_EMIT_LOC_STRINGS = YES;
				SWIFT_VERSION = 5.0;
				TARGETED_DEVICE_FAMILY = "1,2";
			};
			name = Debug;
		};
		2567CA5E2AC7208500425061 /* Release */ = {
			isa = XCBuildConfiguration;
			buildSettings = {
				ASSETCATALOG_COMPILER_APPICON_NAME = AppIcon;
				ASSETCATALOG_COMPILER_GLOBAL_ACCENT_COLOR_NAME = AccentColor;
				CODE_SIGN_STYLE = Automatic;
				CURRENT_PROJECT_VERSION = 1;
				DEVELOPMENT_TEAM = J9KY5Z2V8M;
				GENERATE_INFOPLIST_FILE = YES;
				INFOPLIST_FILE = MusicApp/Info.plist;
				INFOPLIST_KEY_UIApplicationSupportsIndirectInputEvents = YES;
				INFOPLIST_KEY_UILaunchStoryboardName = LaunchScreen;
				INFOPLIST_KEY_UIMainStoryboardFile = "";
				INFOPLIST_KEY_UISupportedInterfaceOrientations_iPad = "UIInterfaceOrientationPortrait UIInterfaceOrientationPortraitUpsideDown UIInterfaceOrientationLandscapeLeft UIInterfaceOrientationLandscapeRight";
				INFOPLIST_KEY_UISupportedInterfaceOrientations_iPhone = "UIInterfaceOrientationPortrait UIInterfaceOrientationLandscapeLeft UIInterfaceOrientationLandscapeRight";
				LD_RUNPATH_SEARCH_PATHS = (
					"$(inherited)",
					"@executable_path/Frameworks",
				);
				MARKETING_VERSION = 1.0;
				PRODUCT_BUNDLE_IDENTIFIER = com.msk.MusicApp;
				PRODUCT_NAME = "$(TARGET_NAME)";
				SWIFT_EMIT_LOC_STRINGS = YES;
				SWIFT_VERSION = 5.0;
				TARGETED_DEVICE_FAMILY = "1,2";
			};
			name = Release;
		};
		2567CA602AC7208500425061 /* Debug */ = {
			isa = XCBuildConfiguration;
			buildSettings = {
				ALWAYS_EMBED_SWIFT_STANDARD_LIBRARIES = YES;
				BUNDLE_LOADER = "$(TEST_HOST)";
				CODE_SIGN_STYLE = Automatic;
				CURRENT_PROJECT_VERSION = 1;
				DEVELOPMENT_TEAM = J9KY5Z2V8M;
				GENERATE_INFOPLIST_FILE = YES;
				IPHONEOS_DEPLOYMENT_TARGET = 17.0;
				MARKETING_VERSION = 1.0;
				PRODUCT_BUNDLE_IDENTIFIER = com.msk.MusicAppTests;
				PRODUCT_NAME = "$(TARGET_NAME)";
				SWIFT_EMIT_LOC_STRINGS = NO;
				SWIFT_VERSION = 5.0;
				TARGETED_DEVICE_FAMILY = "1,2";
				TEST_HOST = "$(BUILT_PRODUCTS_DIR)/MusicApp.app/$(BUNDLE_EXECUTABLE_FOLDER_PATH)/MusicApp";
			};
			name = Debug;
		};
		2567CA612AC7208500425061 /* Release */ = {
			isa = XCBuildConfiguration;
			buildSettings = {
				ALWAYS_EMBED_SWIFT_STANDARD_LIBRARIES = YES;
				BUNDLE_LOADER = "$(TEST_HOST)";
				CODE_SIGN_STYLE = Automatic;
				CURRENT_PROJECT_VERSION = 1;
				DEVELOPMENT_TEAM = J9KY5Z2V8M;
				GENERATE_INFOPLIST_FILE = YES;
				IPHONEOS_DEPLOYMENT_TARGET = 17.0;
				MARKETING_VERSION = 1.0;
				PRODUCT_BUNDLE_IDENTIFIER = com.msk.MusicAppTests;
				PRODUCT_NAME = "$(TARGET_NAME)";
				SWIFT_EMIT_LOC_STRINGS = NO;
				SWIFT_VERSION = 5.0;
				TARGETED_DEVICE_FAMILY = "1,2";
				TEST_HOST = "$(BUILT_PRODUCTS_DIR)/MusicApp.app/$(BUNDLE_EXECUTABLE_FOLDER_PATH)/MusicApp";
			};
			name = Release;
		};
		2567CA632AC7208500425061 /* Debug */ = {
			isa = XCBuildConfiguration;
			buildSettings = {
				ALWAYS_EMBED_SWIFT_STANDARD_LIBRARIES = YES;
				CODE_SIGN_STYLE = Automatic;
				CURRENT_PROJECT_VERSION = 1;
				DEVELOPMENT_TEAM = J9KY5Z2V8M;
				GENERATE_INFOPLIST_FILE = YES;
				MARKETING_VERSION = 1.0;
				PRODUCT_BUNDLE_IDENTIFIER = com.msk.MusicAppUITests;
				PRODUCT_NAME = "$(TARGET_NAME)";
				SWIFT_EMIT_LOC_STRINGS = NO;
				SWIFT_VERSION = 5.0;
				TARGETED_DEVICE_FAMILY = "1,2";
				TEST_TARGET_NAME = MusicApp;
			};
			name = Debug;
		};
		2567CA642AC7208500425061 /* Release */ = {
			isa = XCBuildConfiguration;
			buildSettings = {
				ALWAYS_EMBED_SWIFT_STANDARD_LIBRARIES = YES;
				CODE_SIGN_STYLE = Automatic;
				CURRENT_PROJECT_VERSION = 1;
				DEVELOPMENT_TEAM = J9KY5Z2V8M;
				GENERATE_INFOPLIST_FILE = YES;
				MARKETING_VERSION = 1.0;
				PRODUCT_BUNDLE_IDENTIFIER = com.msk.MusicAppUITests;
				PRODUCT_NAME = "$(TARGET_NAME)";
				SWIFT_EMIT_LOC_STRINGS = NO;
				SWIFT_VERSION = 5.0;
				TARGETED_DEVICE_FAMILY = "1,2";
				TEST_TARGET_NAME = MusicApp;
			};
			name = Release;
		};
/* End XCBuildConfiguration section */

/* Begin XCConfigurationList section */
		2567CA2D2AC7208200425061 /* Build configuration list for PBXProject "MusicApp" */ = {
			isa = XCConfigurationList;
			buildConfigurations = (
				2567CA5A2AC7208500425061 /* Debug */,
				2567CA5B2AC7208500425061 /* Release */,
			);
			defaultConfigurationIsVisible = 0;
			defaultConfigurationName = Release;
		};
		2567CA5C2AC7208500425061 /* Build configuration list for PBXNativeTarget "MusicApp" */ = {
			isa = XCConfigurationList;
			buildConfigurations = (
				2567CA5D2AC7208500425061 /* Debug */,
				2567CA5E2AC7208500425061 /* Release */,
			);
			defaultConfigurationIsVisible = 0;
			defaultConfigurationName = Release;
		};
		2567CA5F2AC7208500425061 /* Build configuration list for PBXNativeTarget "MusicAppTests" */ = {
			isa = XCConfigurationList;
			buildConfigurations = (
				2567CA602AC7208500425061 /* Debug */,
				2567CA612AC7208500425061 /* Release */,
			);
			defaultConfigurationIsVisible = 0;
			defaultConfigurationName = Release;
		};
		2567CA622AC7208500425061 /* Build configuration list for PBXNativeTarget "MusicAppUITests" */ = {
			isa = XCConfigurationList;
			buildConfigurations = (
				2567CA632AC7208500425061 /* Debug */,
				2567CA642AC7208500425061 /* Release */,
			);
			defaultConfigurationIsVisible = 0;
			defaultConfigurationName = Release;
		};
/* End XCConfigurationList section */
	};
	rootObject = 2567CA2A2AC7208200425061 /* Project object */;
}
